
Microsoft Visual Studio Solution File, Format Version 12.00
# Visual Studio Version 16
VisualStudioVersion = 16.0.29123.88
MinimumVisualStudioVersion = 10.0.40219.1
Project("{FAE04EC0-301F-11D3-BF4B-00C04F79EFBC}") = "Uploader", "Uploader\Uploader.csproj", "{3B0BF714-CC47-4299-90CA-55842B63D3C5}"
EndProject
Global
	GlobalSection(SolutionConfigurationPlatforms) = preSolution
		Debug|Any CPU = Debug|Any CPU
		Release|Any CPU = Release|Any CPU
	EndGlobalSection
	GlobalSection(ProjectConfigurationPlatforms) = postSolution
		{3B0BF714-CC47-4299-90CA-55842B63D3C5}.Debug|Any CPU.ActiveCfg = Debug|Any CPU
		{3B0BF714-CC47-4299-90CA-55842B63D3C5}.Debug|Any CPU.Build.0 = Debug|Any CPU
		{3B0BF714-CC47-4299-90CA-55842B63D3C5}.Release|Any CPU.ActiveCfg = Release|Any CPU
		{3B0BF714-CC47-4299-90CA-55842B63D3C5}.Release|Any CPU.Build.0 = Release|Any CPU
	EndGlobalSection
	GlobalSection(SolutionProperties) = preSolution
		HideSolutionNode = FALSE
	EndGlobalSection
	GlobalSection(ExtensibilityGlobals) = postSolution
		SolutionGuid = {159EC369-7339-4FDA-88B0-2BED14BD8D73}
	EndGlobalSection
EndGlobal
